{
  "object": {
    "pins": [
      {
        "package": "Auth",
        "repositoryURL": "https://github.com/vapor/auth.git",
        "state": {
          "branch": null,
          "revision": "dead10fcf21e2c58008ff43d3e9adbf49162fddb",
          "version": "1.1.0"
        }
      },
      {
        "package": "AuthProvider",
        "repositoryURL": "https://github.com/vapor/auth-provider.git",
        "state": {
          "branch": null,
          "revision": "b04c9ce27c870ffd81476f86d1ebb9aa0cbe7802",
          "version": "1.1.0"
        }
      },
      {
        "package": "BCrypt",
        "repositoryURL": "https://github.com/vapor/bcrypt.git",
        "state": {
          "branch": null,
          "revision": "3ee4aca16ba6ebfb1ad48cc5fd4dfb163c6d6be8",
          "version": "1.1.0"
        }
      },
      {
        "package": "Bits",
        "repositoryURL": "https://github.com/vapor/bits.git",
        "state": {
          "branch": null,
          "revision": "c32f5e6ae2007dccd21a92b7e33eba842dd80d2f",
          "version": "1.1.0"
        }
      },
      {
        "package": "CTLS",
        "repositoryURL": "https://github.com/vapor/ctls.git",
        "state": {
          "branch": null,
          "revision": "fddec6a4643d6e85b6bb6dc54b1b5cdbabd395d2",
          "version": "1.1.2"
        }
      },
      {
        "package": "Console",
        "repositoryURL": "https://github.com/vapor/console.git",
        "state": {
          "branch": null,
          "revision": "11c0694857d1be6c7b8b30d8db8b1162b73f2a2b",
          "version": "2.2.0"
        }
      },
      {
        "package": "Core",
        "repositoryURL": "https://github.com/vapor/core.git",
        "state": {
          "branch": null,
          "revision": "b8330808f4f6b69941961afe8ad6b015562f7b7c",
          "version": "2.1.2"
        }
      },
      {
        "package": "Crypto",
        "repositoryURL": "https://github.com/vapor/crypto.git",
        "state": {
          "branch": null,
          "revision": "bf4470b9da79024aab79c85de80374f6c29e3864",
          "version": "2.1.1"
        }
      },
      {
        "package": "Debugging",
        "repositoryURL": "https://github.com/vapor/debugging.git",
        "state": {
          "branch": null,
          "revision": "49c5e8f0a7cb5456a8f7c72c6cd9f1553e5885a8",
          "version": "1.1.0"
        }
      },
      {
        "package": "Engine",
        "repositoryURL": "https://github.com/vapor/engine.git",
        "state": {
          "branch": null,
          "revision": "decf702d774ac630dfe0441ff76b4bb68257b77a",
          "version": "2.2.1"
        }
      },
      {
        "package": "Fluent",
        "repositoryURL": "https://github.com/vapor/fluent.git",
        "state": {
          "branch": null,
          "revision": "2aad260d66212d780f8a0857a72a8840cef6eff7",
          "version": "2.3.0"
        }
      },
      {
        "package": "FluentProvider",
        "repositoryURL": "https://github.com/vapor/fluent-provider.git",
        "state": {
          "branch": null,
          "revision": "baaa6091c175382661d3a8a2b2ecb440986a37cb",
          "version": "1.1.1"
        }
      },
      {
        "package": "JSON",
        "repositoryURL": "https://github.com/vapor/json.git",
        "state": {
          "branch": null,
          "revision": "5c2a62771cefdb04b1f96f4ccc52b581fe20cfb1",
          "version": "2.2.0"
        }
      },
      {
        "package": "Leaf",
        "repositoryURL": "https://github.com/vapor/leaf.git",
        "state": {
          "branch": null,
          "revision": "84d8af322158b71284c0ebd513f1c18474837d40",
          "version": "2.0.2"
        }
      },
      {
        "package": "LeafProvider",
        "repositoryURL": "https://github.com/vapor/leaf-provider.git",
        "state": {
          "branch": null,
          "revision": "0cbeb0db6fc955c2cf12a0293c1e54f16cbb1ca3",
          "version": "1.1.0"
        }
      },
      {
        "package": "MarkdownProvider",
        "repositoryURL": "https://github.com/vapor-community/markdown-provider.git",
        "state": {
          "branch": null,
          "revision": "5c0480ed171a9d86455bf8d8ca46c0d0f0ab3676",
          "version": "1.0.0"
        }
      },
      {
        "package": "Multipart",
        "repositoryURL": "https://github.com/vapor/multipart.git",
        "state": {
          "branch": null,
          "revision": "f32d0952b8d4dfcef5ea194e85c1968d90f97bf0",
          "version": "2.1.0"
        }
      },
      {
        "package": "Node",
        "repositoryURL": "https://github.com/vapor/node.git",
        "state": {
          "branch": null,
          "revision": "642f357d08ec5aa335ae2e3c4633c72da7b5a0c4",
          "version": "2.1.1"
        }
      },
      {
        "package": "Random",
        "repositoryURL": "https://github.com/vapor/random.git",
        "state": {
          "branch": null,
          "revision": "d7c4397d125caba795d14d956efacfe2a27a63d0",
          "version": "1.2.0"
        }
      },
      {
        "package": "Routing",
        "repositoryURL": "https://github.com/vapor/routing.git",
        "state": {
          "branch": null,
          "revision": "66750975f5e5abaacf4bfa4d37ec85dd20c89312",
          "version": "2.1.0"
        }
      },
      {
        "package": "SQLite",
        "repositoryURL": "https://github.com/vapor/sqlite.git",
        "state": {
          "branch": null,
          "revision": "f364a11e86dca9cac51b21c4a95cb5b214a669a3",
          "version": "2.1.0"
        }
      },
      {
        "package": "Sockets",
        "repositoryURL": "https://github.com/vapor/sockets.git",
        "state": {
          "branch": null,
          "revision": "f6b06982e94db71227e99c56fec5899a8526e8ad",
          "version": "2.1.0"
        }
      },
      {
        "package": "SwiftMarkdown",
        "repositoryURL": "https://github.com/vapor-community/markdown.git",
        "state": {
          "branch": null,
          "revision": "ac02865278df113329a5242f37e3cc485cfa21f1",
          "version": "0.3.0"
        }
      },
      {
        "package": "SwiftSoup",
        "repositoryURL": "https://github.com/scinfu/SwiftSoup.git",
        "state": {
          "branch": null,
          "revision": "5e826168ea65558603e4ee48b074557b39ed3c7b",
          "version": "1.4.2"
        }
      },
      {
        "package": "TLS",
        "repositoryURL": "https://github.com/vapor/tls.git",
        "state": {
          "branch": null,
          "revision": "6c6eedb6761cddc6b6c87142a27eec13fa1701ec",
          "version": "2.1.1"
        }
      },
      {
        "package": "Validation",
        "repositoryURL": "https://github.com/vapor/validation.git",
        "state": {
          "branch": null,
          "revision": "22004efe55060bb707fda0cac0508506c7730533",
          "version": "1.0.1"
        }
      },
      {
        "package": "Vapor",
        "repositoryURL": "https://github.com/vapor/vapor.git",
        "state": {
          "branch": null,
          "revision": "59bde985edbdf6480c541485317c8d41cc5fefb7",
          "version": "2.2.2"
        }
      },
      {
        "package": "cmark",
        "repositoryURL": "https://github.com/brokenhandsio/cmark-gfm.git",
        "state": {
          "branch": null,
          "revision": "28d762c29119b5e1c3c0ba1e87198a6c0abcdd7a",
          "version": "1.0.0"
        }
      }
    ]
  },
  "version": 1
}
